
Microsoft Visual Studio Solution File, Format Version 12.00
# Visual Studio 2015
Project("{FAE04EC0-301F-11D3-BF4B-00C04F79EFBC}") = "lab5.Plugins", "lab5.Plugins.csproj", "{C7CEBA7F-7610-04FF-F480-B4DF4D416DD2}"
EndProject
Project("{FAE04EC0-301F-11D3-BF4B-00C04F79EFBC}") = "lab5", "lab5.csproj", "{E9CCE542-313D-C284-5D99-D624659C8632}"
EndProject
Project("{FAE04EC0-301F-11D3-BF4B-00C04F79EFBC}") = "lab5.Editor.Plugins", "lab5.Editor.Plugins.csproj", "{193CC73F-9014-8F36-F66D-2EB91E81D797}"
EndProject
Global
	GlobalSection(SolutionConfigurationPlatforms) = preSolution
		Debug|Any CPU = Debug|Any CPU
		Release|Any CPU = Release|Any CPU
	EndGlobalSection
	GlobalSection(ProjectConfigurationPlatforms) = postSolution
		{C7CEBA7F-7610-04FF-F480-B4DF4D416DD2}.Debug|Any CPU.ActiveCfg = Debug|Any CPU
		{C7CEBA7F-7610-04FF-F480-B4DF4D416DD2}.Debug|Any CPU.Build.0 = Debug|Any CPU
		{C7CEBA7F-7610-04FF-F480-B4DF4D416DD2}.Release|Any CPU.ActiveCfg = Release|Any CPU
		{C7CEBA7F-7610-04FF-F480-B4DF4D416DD2}.Release|Any CPU.Build.0 = Release|Any CPU
		{E9CCE542-313D-C284-5D99-D624659C8632}.Debug|Any CPU.ActiveCfg = Debug|Any CPU
		{E9CCE542-313D-C284-5D99-D624659C8632}.Debug|Any CPU.Build.0 = Debug|Any CPU
		{E9CCE542-313D-C284-5D99-D624659C8632}.Release|Any CPU.ActiveCfg = Release|Any CPU
		{E9CCE542-313D-C284-5D99-D624659C8632}.Release|Any CPU.Build.0 = Release|Any CPU
		{193CC73F-9014-8F36-F66D-2EB91E81D797}.Debug|Any CPU.ActiveCfg = Debug|Any CPU
		{193CC73F-9014-8F36-F66D-2EB91E81D797}.Debug|Any CPU.Build.0 = Debug|Any CPU
		{193CC73F-9014-8F36-F66D-2EB91E81D797}.Release|Any CPU.ActiveCfg = Release|Any CPU
		{193CC73F-9014-8F36-F66D-2EB91E81D797}.Release|Any CPU.Build.0 = Release|Any CPU
	EndGlobalSection
	GlobalSection(SolutionProperties) = preSolution
		HideSolutionNode = FALSE
	EndGlobalSection
EndGlobal
